// !$*UTF8*$!
{
	archiveVersion = 1;
	classes = {
	};
	objectVersion = 46;
	objects = {

/* Begin PBXBuildFile section */
		113215F81ECC8F9800436519 /* NewsCell.swift in Sources */ = {isa = PBXBuildFile; fileRef = 113215F71ECC8F9800436519 /* NewsCell.swift */; };
		113215FA1ECCC75D00436519 /* NewsDetailsVC.swift in Sources */ = {isa = PBXBuildFile; fileRef = 113215F91ECCC75D00436519 /* NewsDetailsVC.swift */; };
		113215FC1ECCDB6600436519 /* AboutVC.swift in Sources */ = {isa = PBXBuildFile; fileRef = 113215FB1ECCDB6600436519 /* AboutVC.swift */; };
		11DD8CB11EC776390055C4CC /* RealmAPI.swift in Sources */ = {isa = PBXBuildFile; fileRef = 11DD8CB01EC776390055C4CC /* RealmAPI.swift */; };
		11DD8CB31EC776B30055C4CC /* NewsFeedVC.swift in Sources */ = {isa = PBXBuildFile; fileRef = 11DD8CB21EC776B30055C4CC /* NewsFeedVC.swift */; };
		840026971EC747B300CC28FD /* AppDelegate.swift in Sources */ = {isa = PBXBuildFile; fileRef = 840026961EC747B300CC28FD /* AppDelegate.swift */; };
		8400269C1EC747B300CC28FD /* Main.storyboard in Resources */ = {isa = PBXBuildFile; fileRef = 8400269A1EC747B300CC28FD /* Main.storyboard */; };
		8400269E1EC747B300CC28FD /* Assets.xcassets in Resources */ = {isa = PBXBuildFile; fileRef = 8400269D1EC747B300CC28FD /* Assets.xcassets */; };
		840026A11EC747B300CC28FD /* LaunchScreen.storyboard in Resources */ = {isa = PBXBuildFile; fileRef = 8400269F1EC747B300CC28FD /* LaunchScreen.storyboard */; };
		847A20D51ECEEA1700CE6112 /* BookmarksTableViewController.swift in Sources */ = {isa = PBXBuildFile; fileRef = 847A20D41ECEEA1700CE6112 /* BookmarksTableViewController.swift */; };
		847A20D71ECEEA4C00CE6112 /* BookarksTableViewCell.swift in Sources */ = {isa = PBXBuildFile; fileRef = 847A20D61ECEEA4C00CE6112 /* BookarksTableViewCell.swift */; };
		84C24CC91EC74CC1003AEEC2 /* VidvagaApi.swift in Sources */ = {isa = PBXBuildFile; fileRef = 84C24CC81EC74CC1003AEEC2 /* VidvagaApi.swift */; };
		84C24CCB1EC74E71003AEEC2 /* NewsFeed.storyboard in Resources */ = {isa = PBXBuildFile; fileRef = 84C24CCA1EC74E71003AEEC2 /* NewsFeed.storyboard */; };
		84C24CCD1EC74EF1003AEEC2 /* Bookmarks.storyboard in Resources */ = {isa = PBXBuildFile; fileRef = 84C24CCC1EC74EF1003AEEC2 /* Bookmarks.storyboard */; };
		84C24CCF1EC74F9D003AEEC2 /* Chat.storyboard in Resources */ = {isa = PBXBuildFile; fileRef = 84C24CCE1EC74F9D003AEEC2 /* Chat.storyboard */; };
		84C24CD11EC75011003AEEC2 /* Authorization.storyboard in Resources */ = {isa = PBXBuildFile; fileRef = 84C24CD01EC75011003AEEC2 /* Authorization.storyboard */; };
		84C24CD41EC750E9003AEEC2 /* About.storyboard in Resources */ = {isa = PBXBuildFile; fileRef = 84C24CD31EC750E9003AEEC2 /* About.storyboard */; };
		84F0AFE71EC757D4004217F0 /* Post.swift in Sources */ = {isa = PBXBuildFile; fileRef = 84F0AFE61EC757D4004217F0 /* Post.swift */; };
		84F0AFEA1EC759AB004217F0 /* RealmCRUD.swift in Sources */ = {isa = PBXBuildFile; fileRef = 84F0AFE91EC759AB004217F0 /* RealmCRUD.swift */; };
		84F0AFEC1EC75BBD004217F0 /* HelperInstance.swift in Sources */ = {isa = PBXBuildFile; fileRef = 84F0AFEB1EC75BBD004217F0 /* HelperInstance.swift */; };
		A8601D2FBF36A8D03A0945A8 /* Pods_Vidvaga.framework in Frameworks */ = {isa = PBXBuildFile; fileRef = C4C7E47B99239C59C9D87BFB /* Pods_Vidvaga.framework */; };
/* End PBXBuildFile section */

/* Begin PBXFileReference section */
		113215F71ECC8F9800436519 /* NewsCell.swift */ = {isa = PBXFileReference; fileEncoding = 4; lastKnownFileType = sourcecode.swift; path = NewsCell.swift; sourceTree = "<group>"; };
		113215F91ECCC75D00436519 /* NewsDetailsVC.swift */ = {isa = PBXFileReference; fileEncoding = 4; lastKnownFileType = sourcecode.swift; path = NewsDetailsVC.swift; sourceTree = "<group>"; };
		113215FB1ECCDB6600436519 /* AboutVC.swift */ = {isa = PBXFileReference; fileEncoding = 4; lastKnownFileType = sourcecode.swift; path = AboutVC.swift; sourceTree = "<group>"; };
		11DD8CB01EC776390055C4CC /* RealmAPI.swift */ = {isa = PBXFileReference; fileEncoding = 4; lastKnownFileType = sourcecode.swift; path = RealmAPI.swift; sourceTree = "<group>"; };
		11DD8CB21EC776B30055C4CC /* NewsFeedVC.swift */ = {isa = PBXFileReference; fileEncoding = 4; lastKnownFileType = sourcecode.swift; path = NewsFeedVC.swift; sourceTree = "<group>"; };
		49A10E82777D886CE4721199 /* Pods-Vidvaga.debug.xcconfig */ = {isa = PBXFileReference; includeInIndex = 1; lastKnownFileType = text.xcconfig; name = "Pods-Vidvaga.debug.xcconfig"; path = "Pods/Target Support Files/Pods-Vidvaga/Pods-Vidvaga.debug.xcconfig"; sourceTree = "<group>"; };
		840026931EC747B300CC28FD /* Vidvaga.app */ = {isa = PBXFileReference; explicitFileType = wrapper.application; includeInIndex = 0; path = Vidvaga.app; sourceTree = BUILT_PRODUCTS_DIR; };
		840026961EC747B300CC28FD /* AppDelegate.swift */ = {isa = PBXFileReference; lastKnownFileType = sourcecode.swift; path = AppDelegate.swift; sourceTree = "<group>"; };
		8400269B1EC747B300CC28FD /* Base */ = {isa = PBXFileReference; lastKnownFileType = file.storyboard; name = Base; path = Base.lproj/Main.storyboard; sourceTree = "<group>"; };
		8400269D1EC747B300CC28FD /* Assets.xcassets */ = {isa = PBXFileReference; lastKnownFileType = folder.assetcatalog; path = Assets.xcassets; sourceTree = "<group>"; };
		840026A01EC747B300CC28FD /* Base */ = {isa = PBXFileReference; lastKnownFileType = file.storyboard; name = Base; path = Base.lproj/LaunchScreen.storyboard; sourceTree = "<group>"; };
		840026A21EC747B300CC28FD /* Info.plist */ = {isa = PBXFileReference; lastKnownFileType = text.plist.xml; path = Info.plist; sourceTree = "<group>"; };
		847A20D41ECEEA1700CE6112 /* BookmarksTableViewController.swift */ = {isa = PBXFileReference; fileEncoding = 4; lastKnownFileType = sourcecode.swift; path = BookmarksTableViewController.swift; sourceTree = "<group>"; };
		847A20D61ECEEA4C00CE6112 /* BookarksTableViewCell.swift */ = {isa = PBXFileReference; fileEncoding = 4; lastKnownFileType = sourcecode.swift; path = BookarksTableViewCell.swift; sourceTree = "<group>"; };
		84C24CC81EC74CC1003AEEC2 /* VidvagaApi.swift */ = {isa = PBXFileReference; fileEncoding = 4; lastKnownFileType = sourcecode.swift; path = VidvagaApi.swift; sourceTree = "<group>"; };
		84C24CCA1EC74E71003AEEC2 /* NewsFeed.storyboard */ = {isa = PBXFileReference; fileEncoding = 4; lastKnownFileType = file.storyboard; path = NewsFeed.storyboard; sourceTree = "<group>"; };
		84C24CCC1EC74EF1003AEEC2 /* Bookmarks.storyboard */ = {isa = PBXFileReference; fileEncoding = 4; lastKnownFileType = file.storyboard; path = Bookmarks.storyboard; sourceTree = "<group>"; };
		84C24CCE1EC74F9D003AEEC2 /* Chat.storyboard */ = {isa = PBXFileReference; fileEncoding = 4; lastKnownFileType = file.storyboard; path = Chat.storyboard; sourceTree = "<group>"; };
		84C24CD01EC75011003AEEC2 /* Authorization.storyboard */ = {isa = PBXFileReference; fileEncoding = 4; lastKnownFileType = file.storyboard; path = Authorization.storyboard; sourceTree = "<group>"; };
		84C24CD31EC750E9003AEEC2 /* About.storyboard */ = {isa = PBXFileReference; fileEncoding = 4; lastKnownFileType = file.storyboard; path = About.storyboard; sourceTree = "<group>"; };
		84F0AFE61EC757D4004217F0 /* Post.swift */ = {isa = PBXFileReference; fileEncoding = 4; lastKnownFileType = sourcecode.swift; path = Post.swift; sourceTree = "<group>"; };
		84F0AFE91EC759AB004217F0 /* RealmCRUD.swift */ = {isa = PBXFileReference; fileEncoding = 4; lastKnownFileType = sourcecode.swift; path = RealmCRUD.swift; sourceTree = "<group>"; };
		84F0AFEB1EC75BBD004217F0 /* HelperInstance.swift */ = {isa = PBXFileReference; fileEncoding = 4; lastKnownFileType = sourcecode.swift; path = HelperInstance.swift; sourceTree = "<group>"; };
		C4C7E47B99239C59C9D87BFB /* Pods_Vidvaga.framework */ = {isa = PBXFileReference; explicitFileType = wrapper.framework; includeInIndex = 0; path = Pods_Vidvaga.framework; sourceTree = BUILT_PRODUCTS_DIR; };
		EB3A04B23FDC0941A9A434AA /* Pods-Vidvaga.release.xcconfig */ = {isa = PBXFileReference; includeInIndex = 1; lastKnownFileType = text.xcconfig; name = "Pods-Vidvaga.release.xcconfig"; path = "Pods/Target Support Files/Pods-Vidvaga/Pods-Vidvaga.release.xcconfig"; sourceTree = "<group>"; };
/* End PBXFileReference section */

/* Begin PBXFrameworksBuildPhase section */
		840026901EC747B300CC28FD /* Frameworks */ = {
			isa = PBXFrameworksBuildPhase;
			buildActionMask = 2147483647;
			files = (
				A8601D2FBF36A8D03A0945A8 /* Pods_Vidvaga.framework in Frameworks */,
			);
			runOnlyForDeploymentPostprocessing = 0;
		};
/* End PBXFrameworksBuildPhase section */

/* Begin PBXGroup section */
		050B67F1DC78D72329E3B515 /* Frameworks */ = {
			isa = PBXGroup;
			children = (
				C4C7E47B99239C59C9D87BFB /* Pods_Vidvaga.framework */,
			);
			name = Frameworks;
			sourceTree = "<group>";
		};
		8400268A1EC747B300CC28FD = {
			isa = PBXGroup;
			children = (
				840026951EC747B300CC28FD /* Vidvaga */,
				840026941EC747B300CC28FD /* Products */,
				D9FFEA6E57CE2B2A8E8CF3E6 /* Pods */,
				050B67F1DC78D72329E3B515 /* Frameworks */,
			);
			sourceTree = "<group>";
		};
		840026941EC747B300CC28FD /* Products */ = {
			isa = PBXGroup;
			children = (
				840026931EC747B300CC28FD /* Vidvaga.app */,
			);
			name = Products;
			sourceTree = "<group>";
		};
		840026951EC747B300CC28FD /* Vidvaga */ = {
			isa = PBXGroup;
			children = (
				840026961EC747B300CC28FD /* AppDelegate.swift */,
				84F0AFE81EC7582C004217F0 /* Api */,
				84C24CC41EC74C65003AEEC2 /* Models */,
				84C24CC51EC74C6D003AEEC2 /* Views */,
				84C24CC61EC74C80003AEEC2 /* Controllers */,
				84C24CC71EC74C9B003AEEC2 /* Helpers */,
			);
			path = Vidvaga;
			sourceTree = "<group>";
		};
		84C24CC41EC74C65003AEEC2 /* Models */ = {
			isa = PBXGroup;
			children = (
				84F0AFE61EC757D4004217F0 /* Post.swift */,
				84F0AFE91EC759AB004217F0 /* RealmCRUD.swift */,
				11DD8CB01EC776390055C4CC /* RealmAPI.swift */,
				847A20D61ECEEA4C00CE6112 /* BookarksTableViewCell.swift */,
			);
			name = Models;
			sourceTree = "<group>";
		};
		84C24CC51EC74C6D003AEEC2 /* Views */ = {
			isa = PBXGroup;
			children = (
				8400269A1EC747B300CC28FD /* Main.storyboard */,
				84C24CCA1EC74E71003AEEC2 /* NewsFeed.storyboard */,
				84C24CCC1EC74EF1003AEEC2 /* Bookmarks.storyboard */,
				84C24CCE1EC74F9D003AEEC2 /* Chat.storyboard */,
				84C24CD31EC750E9003AEEC2 /* About.storyboard */,
				84C24CD01EC75011003AEEC2 /* Authorization.storyboard */,
			);
			name = Views;
			sourceTree = "<group>";
		};
		84C24CC61EC74C80003AEEC2 /* Controllers */ = {
			isa = PBXGroup;
			children = (
				11DD8CB21EC776B30055C4CC /* NewsFeedVC.swift */,
				113215F91ECCC75D00436519 /* NewsDetailsVC.swift */,
				113215F71ECC8F9800436519 /* NewsCell.swift */,
				113215FB1ECCDB6600436519 /* AboutVC.swift */,
				847A20D41ECEEA1700CE6112 /* BookmarksTableViewController.swift */,
			);
			name = Controllers;
			sourceTree = "<group>";
		};
		84C24CC71EC74C9B003AEEC2 /* Helpers */ = {
			isa = PBXGroup;
			children = (
				84F0AFEB1EC75BBD004217F0 /* HelperInstance.swift */,
				8400269D1EC747B300CC28FD /* Assets.xcassets */,
				8400269F1EC747B300CC28FD /* LaunchScreen.storyboard */,
				840026A21EC747B300CC28FD /* Info.plist */,
			);
			name = Helpers;
			sourceTree = "<group>";
		};
		84F0AFE81EC7582C004217F0 /* Api */ = {
			isa = PBXGroup;
			children = (
				84C24CC81EC74CC1003AEEC2 /* VidvagaApi.swift */,
			);
			name = Api;
			sourceTree = "<group>";
		};
		D9FFEA6E57CE2B2A8E8CF3E6 /* Pods */ = {
			isa = PBXGroup;
			children = (
				49A10E82777D886CE4721199 /* Pods-Vidvaga.debug.xcconfig */,
				EB3A04B23FDC0941A9A434AA /* Pods-Vidvaga.release.xcconfig */,
			);
			name = Pods;
			sourceTree = "<group>";
		};
/* End PBXGroup section */

/* Begin PBXNativeTarget section */
		840026921EC747B300CC28FD /* Vidvaga */ = {
			isa = PBXNativeTarget;
			buildConfigurationList = 840026A51EC747B300CC28FD /* Build configuration list for PBXNativeTarget "Vidvaga" */;
			buildPhases = (
				0040AFA752917513F581ED29 /* [CP] Check Pods Manifest.lock */,
				8400268F1EC747B300CC28FD /* Sources */,
				840026901EC747B300CC28FD /* Frameworks */,
				840026911EC747B300CC28FD /* Resources */,
				EBB5AD00BEBDE94CDB0F381E /* [CP] Embed Pods Frameworks */,
				45A91D7E1D3BB874594DC348 /* [CP] Copy Pods Resources */,
			);
			buildRules = (
			);
			dependencies = (
			);
			name = Vidvaga;
			productName = Vidvaga;
			productReference = 840026931EC747B300CC28FD /* Vidvaga.app */;
			productType = "com.apple.product-type.application";
		};
/* End PBXNativeTarget section */

/* Begin PBXProject section */
		8400268B1EC747B300CC28FD /* Project object */ = {
			isa = PBXProject;
			attributes = {
				LastSwiftUpdateCheck = 0830;
				LastUpgradeCheck = 0830;
				ORGANIZATIONNAME = rusel95;
				TargetAttributes = {
					840026921EC747B300CC28FD = {
						CreatedOnToolsVersion = 8.3;
						DevelopmentTeam = EUGNPYBX7U;
						ProvisioningStyle = Automatic;
					};
				};
			};
			buildConfigurationList = 8400268E1EC747B300CC28FD /* Build configuration list for PBXProject "Vidvaga" */;
			compatibilityVersion = "Xcode 3.2";
			developmentRegion = English;
			hasScannedForEncodings = 0;
			knownRegions = (
				en,
				Base,
			);
			mainGroup = 8400268A1EC747B300CC28FD;
			productRefGroup = 840026941EC747B300CC28FD /* Products */;
			projectDirPath = "";
			projectRoot = "";
			targets = (
				840026921EC747B300CC28FD /* Vidvaga */,
			);
		};
/* End PBXProject section */

/* Begin PBXResourcesBuildPhase section */
		840026911EC747B300CC28FD /* Resources */ = {
			isa = PBXResourcesBuildPhase;
			buildActionMask = 2147483647;
			files = (
				84C24CCF1EC74F9D003AEEC2 /* Chat.storyboard in Resources */,
				840026A11EC747B300CC28FD /* LaunchScreen.storyboard in Resources */,
				84C24CD41EC750E9003AEEC2 /* About.storyboard in Resources */,
				8400269E1EC747B300CC28FD /* Assets.xcassets in Resources */,
				8400269C1EC747B300CC28FD /* Main.storyboard in Resources */,
				84C24CD11EC75011003AEEC2 /* Authorization.storyboard in Resources */,
				84C24CCB1EC74E71003AEEC2 /* NewsFeed.storyboard in Resources */,
				84C24CCD1EC74EF1003AEEC2 /* Bookmarks.storyboard in Resources */,
			);
			runOnlyForDeploymentPostprocessing = 0;
		};
/* End PBXResourcesBuildPhase section */

/* Begin PBXShellScriptBuildPhase section */
		0040AFA752917513F581ED29 /* [CP] Check Pods Manifest.lock */ = {
			isa = PBXShellScriptBuildPhase;
			buildActionMask = 2147483647;
			files = (
			);
			inputPaths = (
			);
			name = "[CP] Check Pods Manifest.lock";
			outputPaths = (
			);
			runOnlyForDeploymentPostprocessing = 0;
			shellPath = /bin/sh;
			shellScript = "diff \"${PODS_PODFILE_DIR_PATH}/Podfile.lock\" \"${PODS_ROOT}/Manifest.lock\" > /dev/null\nif [ $? != 0 ] ; then\n    # print error to STDERR\n    echo \"error: The sandbox is not in sync with the Podfile.lock. Run 'pod install' or update your CocoaPods installation.\" >&2\n    exit 1\nfi\n";
			showEnvVarsInLog = 0;
		};
		45A91D7E1D3BB874594DC348 /* [CP] Copy Pods Resources */ = {
			isa = PBXShellScriptBuildPhase;
			buildActionMask = 2147483647;
			files = (
			);
			inputPaths = (
			);
			name = "[CP] Copy Pods Resources";
			outputPaths = (
			);
			runOnlyForDeploymentPostprocessing = 0;
			shellPath = /bin/sh;
			shellScript = "\"${SRCROOT}/Pods/Target Support Files/Pods-Vidvaga/Pods-Vidvaga-resources.sh\"\n";
			showEnvVarsInLog = 0;
		};
		EBB5AD00BEBDE94CDB0F381E /* [CP] Embed Pods Frameworks */ = {
			isa = PBXShellScriptBuildPhase;
			buildActionMask = 2147483647;
			files = (
			);
			inputPaths = (
			);
			name = "[CP] Embed Pods Frameworks";
			outputPaths = (
			);
			runOnlyForDeploymentPostprocessing = 0;
			shellPath = /bin/sh;
			shellScript = "\"${SRCROOT}/Pods/Target Support Files/Pods-Vidvaga/Pods-Vidvaga-frameworks.sh\"\n";
			showEnvVarsInLog = 0;
		};
/* End PBXShellScriptBuildPhase section */

/* Begin PBXSourcesBuildPhase section */
		8400268F1EC747B300CC28FD /* Sources */ = {
			isa = PBXSourcesBuildPhase;
			buildActionMask = 2147483647;
			files = (
				840026971EC747B300CC28FD /* AppDelegate.swift in Sources */,
				847A20D71ECEEA4C00CE6112 /* BookarksTableViewCell.swift in Sources */,
				11DD8CB31EC776B30055C4CC /* NewsFeedVC.swift in Sources */,
				113215FA1ECCC75D00436519 /* NewsDetailsVC.swift in Sources */,
				84C24CC91EC74CC1003AEEC2 /* VidvagaApi.swift in Sources */,
				84F0AFE71EC757D4004217F0 /* Post.swift in Sources */,
				84F0AFEC1EC75BBD004217F0 /* HelperInstance.swift in Sources */,
				847A20D51ECEEA1700CE6112 /* BookmarksTableViewController.swift in Sources */,
				113215FC1ECCDB6600436519 /* AboutVC.swift in Sources */,
				11DD8CB11EC776390055C4CC /* RealmAPI.swift in Sources */,
				113215F81ECC8F9800436519 /* NewsCell.swift in Sources */,
				84F0AFEA1EC759AB004217F0 /* RealmCRUD.swift in Sources */,
			);
			runOnlyForDeploymentPostprocessing = 0;
		};
/* End PBXSourcesBuildPhase section */

/* Begin PBXVariantGroup section */
		8400269A1EC747B300CC28FD /* Main.storyboard */ = {
			isa = PBXVariantGroup;
			children = (
				8400269B1EC747B300CC28FD /* Base */,
			);
			name = Main.storyboard;
			sourceTree = "<group>";
		};
		8400269F1EC747B300CC28FD /* LaunchScreen.storyboard */ = {
			isa = PBXVariantGroup;
			children = (
				840026A01EC747B300CC28FD /* Base */,
			);
			name = LaunchScreen.storyboard;
			sourceTree = "<group>";
		};
/* End PBXVariantGroup section */

/* Begin XCBuildConfiguration section */
		840026A31EC747B300CC28FD /* Debug */ = {
			isa = XCBuildConfiguration;
			buildSettings = {
				ALWAYS_SEARCH_USER_PATHS = NO;
				CLANG_ANALYZER_NONNULL = YES;
				CLANG_ANALYZER_NUMBER_OBJECT_CONVERSION = YES_AGGRESSIVE;
				CLANG_CXX_LANGUAGE_STANDARD = "gnu++0x";
				CLANG_CXX_LIBRARY = "libc++";
				CLANG_ENABLE_MODULES = YES;
				CLANG_ENABLE_OBJC_ARC = YES;
				CLANG_WARN_BOOL_CONVERSION = YES;
				CLANG_WARN_CONSTANT_CONVERSION = YES;
				CLANG_WARN_DIRECT_OBJC_ISA_USAGE = YES_ERROR;
				CLANG_WARN_DOCUMENTATION_COMMENTS = YES;
				CLANG_WARN_EMPTY_BODY = YES;
				CLANG_WARN_ENUM_CONVERSION = YES;
				CLANG_WARN_INFINITE_RECURSION = YES;
				CLANG_WARN_INT_CONVERSION = YES;
				CLANG_WARN_OBJC_ROOT_CLASS = YES_ERROR;
				CLANG_WARN_SUSPICIOUS_MOVE = YES;
				CLANG_WARN_UNREACHABLE_CODE = YES;
				CLANG_WARN__DUPLICATE_METHOD_MATCH = YES;
				"CODE_SIGN_IDENTITY[sdk=iphoneos*]" = "iPhone Developer";
				COPY_PHASE_STRIP = NO;
				DEBUG_INFORMATION_FORMAT = dwarf;
				ENABLE_STRICT_OBJC_MSGSEND = YES;
				ENABLE_TESTABILITY = YES;
				GCC_C_LANGUAGE_STANDARD = gnu99;
				GCC_DYNAMIC_NO_PIC = NO;
				GCC_NO_COMMON_BLOCKS = YES;
				GCC_OPTIMIZATION_LEVEL = 0;
				GCC_PREPROCESSOR_DEFINITIONS = (
					"DEBUG=1",
					"$(inherited)",
				);
				GCC_WARN_64_TO_32_BIT_CONVERSION = YES;
				GCC_WARN_ABOUT_RETURN_TYPE = YES_ERROR;
				GCC_WARN_UNDECLARED_SELECTOR = YES;
				GCC_WARN_UNINITIALIZED_AUTOS = YES_AGGRESSIVE;
				GCC_WARN_UNUSED_FUNCTION = YES;
				GCC_WARN_UNUSED_VARIABLE = YES;
				IPHONEOS_DEPLOYMENT_TARGET = 10.0;
				MTL_ENABLE_DEBUG_INFO = YES;
				ONLY_ACTIVE_ARCH = YES;
				SDKROOT = iphoneos;
				SWIFT_ACTIVE_COMPILATION_CONDITIONS = DEBUG;
				SWIFT_OPTIMIZATION_LEVEL = "-Onone";
			};
			name = Debug;
		};
		840026A41EC747B300CC28FD /* Release */ = {
			isa = XCBuildConfiguration;
			buildSettings = {
				ALWAYS_SEARCH_USER_PATHS = NO;
				CLANG_ANALYZER_NONNULL = YES;
				CLANG_ANALYZER_NUMBER_OBJECT_CONVERSION = YES_AGGRESSIVE;
				CLANG_CXX_LANGUAGE_STANDARD = "gnu++0x";
				CLANG_CXX_LIBRARY = "libc++";
				CLANG_ENABLE_MODULES = YES;
				CLANG_ENABLE_OBJC_ARC = YES;
				CLANG_WARN_BOOL_CONVERSION = YES;
				CLANG_WARN_CONSTANT_CONVERSION = YES;
				CLANG_WARN_DIRECT_OBJC_ISA_USAGE = YES_ERROR;
				CLANG_WARN_DOCUMENTATION_COMMENTS = YES;
				CLANG_WARN_EMPTY_BODY = YES;
				CLANG_WARN_ENUM_CONVERSION = YES;
				CLANG_WARN_INFINITE_RECURSION = YES;
				CLANG_WARN_INT_CONVERSION = YES;
				CLANG_WARN_OBJC_ROOT_CLASS = YES_ERROR;
				CLANG_WARN_SUSPICIOUS_MOVE = YES;
				CLANG_WARN_UNREACHABLE_CODE = YES;
				CLANG_WARN__DUPLICATE_METHOD_MATCH = YES;
				"CODE_SIGN_IDENTITY[sdk=iphoneos*]" = "iPhone Developer";
				COPY_PHASE_STRIP = NO;
				DEBUG_INFORMATION_FORMAT = "dwarf-with-dsym";
				ENABLE_NS_ASSERTIONS = NO;
				ENABLE_STRICT_OBJC_MSGSEND = YES;
				GCC_C_LANGUAGE_STANDARD = gnu99;
				GCC_NO_COMMON_BLOCKS = YES;
				GCC_WARN_64_TO_32_BIT_CONVERSION = YES;
				GCC_WARN_ABOUT_RETURN_TYPE = YES_ERROR;
				GCC_WARN_UNDECLARED_SELECTOR = YES;
				GCC_WARN_UNINITIALIZED_AUTOS = YES_AGGRESSIVE;
				GCC_WARN_UNUSED_FUNCTION = YES;
				GCC_WARN_UNUSED_VARIABLE = YES;
				IPHONEOS_DEPLOYMENT_TARGET = 10.0;
				MTL_ENABLE_DEBUG_INFO = NO;
				SDKROOT = iphoneos;
				SWIFT_OPTIMIZATION_LEVEL = "-Owholemodule";
				VALIDATE_PRODUCT = YES;
			};
			name = Release;
		};
		840026A61EC747B300CC28FD /* Debug */ = {
			isa = XCBuildConfiguration;
			baseConfigurationReference = 49A10E82777D886CE4721199 /* Pods-Vidvaga.debug.xcconfig */;
			buildSettings = {
				ASSETCATALOG_COMPILER_APPICON_NAME = AppIcon;
				DEVELOPMENT_TEAM = EUGNPYBX7U;
				INFOPLIST_FILE = Vidvaga/Info.plist;
				IPHONEOS_DEPLOYMENT_TARGET = 10.0;
				LD_RUNPATH_SEARCH_PATHS = "$(inherited) @executable_path/Frameworks";
				PRODUCT_BUNDLE_IDENTIFIER = com.mazayev.Vidvaga;
				PRODUCT_NAME = "$(TARGET_NAME)";
				SWIFT_VERSION = 3.0;
			};
			name = Debug;
		};
		840026A71EC747B300CC28FD /* Release */ = {
			isa = XCBuildConfiguration;
			baseConfigurationReference = EB3A04B23FDC0941A9A434AA /* Pods-Vidvaga.release.xcconfig */;
			buildSettings = {
				ASSETCATALOG_COMPILER_APPICON_NAME = AppIcon;
				DEVELOPMENT_TEAM = EUGNPYBX7U;
				INFOPLIST_FILE = Vidvaga/Info.plist;
				IPHONEOS_DEPLOYMENT_TARGET = 10.0;
				LD_RUNPATH_SEARCH_PATHS = "$(inherited) @executable_path/Frameworks";
				PRODUCT_BUNDLE_IDENTIFIER = com.mazayev.Vidvaga;
				PRODUCT_NAME = "$(TARGET_NAME)";
				SWIFT_VERSION = 3.0;
			};
			name = Release;
		};
/* End XCBuildConfiguration section */

/* Begin XCConfigurationList section */
		8400268E1EC747B300CC28FD /* Build configuration list for PBXProject "Vidvaga" */ = {
			isa = XCConfigurationList;
			buildConfigurations = (
				840026A31EC747B300CC28FD /* Debug */,
				840026A41EC747B300CC28FD /* Release */,
			);
			defaultConfigurationIsVisible = 0;
			defaultConfigurationName = Release;
		};
		840026A51EC747B300CC28FD /* Build configuration list for PBXNativeTarget "Vidvaga" */ = {
			isa = XCConfigurationList;
			buildConfigurations = (
				840026A61EC747B300CC28FD /* Debug */,
				840026A71EC747B300CC28FD /* Release */,
			);
			defaultConfigurationIsVisible = 0;
			defaultConfigurationName = Release;
		};
/* End XCConfigurationList section */
	};
	rootObject = 8400268B1EC747B300CC28FD /* Project object */;
}
